
Microsoft Visual Studio Solution File, Format Version 12.00
# Visual Studio Version 17
VisualStudioVersion = 17.8.34309.116
MinimumVisualStudioVersion = 10.0.40219.1
Project("{FAE04EC0-301F-11D3-BF4B-00C04F79EFBC}") = "Nevron.Calculator", "Nevron.Calculator\Nevron.Calculator.csproj", "{83278359-54F7-43A2-97A8-2F2E58929E79}"
EndProject
Global
	GlobalSection(SolutionConfigurationPlatforms) = preSolution
		Debug|Any CPU = Debug|Any CPU
		Release|Any CPU = Release|Any CPU
	EndGlobalSection
	GlobalSection(ProjectConfigurationPlatforms) = postSolution
		{83278359-54F7-43A2-97A8-2F2E58929E79}.Debug|Any CPU.ActiveCfg = Debug|Any CPU
		{83278359-54F7-43A2-97A8-2F2E58929E79}.Debug|Any CPU.Build.0 = Debug|Any CPU
		{83278359-54F7-43A2-97A8-2F2E58929E79}.Release|Any CPU.ActiveCfg = Release|Any CPU
		{83278359-54F7-43A2-97A8-2F2E58929E79}.Release|Any CPU.Build.0 = Release|Any CPU
	EndGlobalSection
	GlobalSection(SolutionProperties) = preSolution
		HideSolutionNode = FALSE
	EndGlobalSection
	GlobalSection(ExtensibilityGlobals) = postSolution
		SolutionGuid = {B411D061-B6F6-4BE5-A730-144E1AB987FD}
	EndGlobalSection
EndGlobal
